// !$*UTF8*$!
{
	archiveVersion = 1;
	classes = {
	};
	objectVersion = 56;
	objects = {

/* Begin PBXBuildFile section */
		76509BEA2AFDC2DE002994A9 /* UIViewController+Popup.m in Sources */ = {isa = PBXBuildFile; fileRef = 76509BE92AFDC2DE002994A9 /* UIViewController+Popup.m */; };
		769771BF2AFB6A5900FE1219 /* AppDelegate.m in Sources */ = {isa = PBXBuildFile; fileRef = 769771BE2AFB6A5900FE1219 /* AppDelegate.m */; };
		769771C22AFB6A5900FE1219 /* SceneDelegate.m in Sources */ = {isa = PBXBuildFile; fileRef = 769771C12AFB6A5900FE1219 /* SceneDelegate.m */; };
		769771C52AFB6A5900FE1219 /* PostListViewController.m in Sources */ = {isa = PBXBuildFile; fileRef = 769771C42AFB6A5900FE1219 /* PostListViewController.m */; };
		769771C82AFB6A5900FE1219 /* Main.storyboard in Resources */ = {isa = PBXBuildFile; fileRef = 769771C62AFB6A5900FE1219 /* Main.storyboard */; };
		769771CA2AFB6A5900FE1219 /* Assets.xcassets in Resources */ = {isa = PBXBuildFile; fileRef = 769771C92AFB6A5900FE1219 /* Assets.xcassets */; };
		769771CD2AFB6A5900FE1219 /* LaunchScreen.storyboard in Resources */ = {isa = PBXBuildFile; fileRef = 769771CB2AFB6A5900FE1219 /* LaunchScreen.storyboard */; };
		769771D02AFB6A5900FE1219 /* main.m in Sources */ = {isa = PBXBuildFile; fileRef = 769771CF2AFB6A5900FE1219 /* main.m */; };
		769771D72AFB6AB800FE1219 /* GoogleService-Info.plist in Resources */ = {isa = PBXBuildFile; fileRef = 769771D62AFB6AB800FE1219 /* GoogleService-Info.plist */; };
		769771DA2AFB6B4100FE1219 /* FirebaseAnalytics in Frameworks */ = {isa = PBXBuildFile; productRef = 769771D92AFB6B4100FE1219 /* FirebaseAnalytics */; };
		769771DC2AFB6B4100FE1219 /* FirebaseAnalyticsOnDeviceConversion in Frameworks */ = {isa = PBXBuildFile; productRef = 769771DB2AFB6B4100FE1219 /* FirebaseAnalyticsOnDeviceConversion */; };
		769771DE2AFB6B4100FE1219 /* FirebaseAnalyticsSwift in Frameworks */ = {isa = PBXBuildFile; productRef = 769771DD2AFB6B4100FE1219 /* FirebaseAnalyticsSwift */; };
		769771E02AFB6B4100FE1219 /* FirebaseAnalyticsWithoutAdIdSupport in Frameworks */ = {isa = PBXBuildFile; productRef = 769771DF2AFB6B4100FE1219 /* FirebaseAnalyticsWithoutAdIdSupport */; };
		769771E22AFB6B4100FE1219 /* FirebaseAppCheck in Frameworks */ = {isa = PBXBuildFile; productRef = 769771E12AFB6B4100FE1219 /* FirebaseAppCheck */; };
		769771E42AFB6B4100FE1219 /* FirebaseAppDistribution-Beta in Frameworks */ = {isa = PBXBuildFile; productRef = 769771E32AFB6B4100FE1219 /* FirebaseAppDistribution-Beta */; };
		769771E62AFB6B4100FE1219 /* FirebaseAuth in Frameworks */ = {isa = PBXBuildFile; productRef = 769771E52AFB6B4100FE1219 /* FirebaseAuth */; };
		769771E82AFB6B4100FE1219 /* FirebaseAuthCombine-Community in Frameworks */ = {isa = PBXBuildFile; productRef = 769771E72AFB6B4100FE1219 /* FirebaseAuthCombine-Community */; };
		769771EA2AFB6B4100FE1219 /* FirebaseCrashlytics in Frameworks */ = {isa = PBXBuildFile; productRef = 769771E92AFB6B4100FE1219 /* FirebaseCrashlytics */; };
		769771EC2AFB6B4100FE1219 /* FirebaseDatabase in Frameworks */ = {isa = PBXBuildFile; productRef = 769771EB2AFB6B4100FE1219 /* FirebaseDatabase */; };
		769771EE2AFB6B4100FE1219 /* FirebaseDatabaseSwift in Frameworks */ = {isa = PBXBuildFile; productRef = 769771ED2AFB6B4100FE1219 /* FirebaseDatabaseSwift */; };
		769771F02AFB6B4100FE1219 /* FirebaseDynamicLinks in Frameworks */ = {isa = PBXBuildFile; productRef = 769771EF2AFB6B4100FE1219 /* FirebaseDynamicLinks */; };
		769771F22AFB6B4100FE1219 /* FirebaseFirestore in Frameworks */ = {isa = PBXBuildFile; productRef = 769771F12AFB6B4100FE1219 /* FirebaseFirestore */; };
		769771F42AFB6B4100FE1219 /* FirebaseFirestoreCombine-Community in Frameworks */ = {isa = PBXBuildFile; productRef = 769771F32AFB6B4100FE1219 /* FirebaseFirestoreCombine-Community */; };
		769771F62AFB6B4100FE1219 /* FirebaseFirestoreSwift in Frameworks */ = {isa = PBXBuildFile; productRef = 769771F52AFB6B4100FE1219 /* FirebaseFirestoreSwift */; };
		769771F82AFB6B4100FE1219 /* FirebaseFunctions in Frameworks */ = {isa = PBXBuildFile; productRef = 769771F72AFB6B4100FE1219 /* FirebaseFunctions */; };
		769771FA2AFB6B4100FE1219 /* FirebaseFunctionsCombine-Community in Frameworks */ = {isa = PBXBuildFile; productRef = 769771F92AFB6B4100FE1219 /* FirebaseFunctionsCombine-Community */; };
		769771FC2AFB6B4100FE1219 /* FirebaseInAppMessaging-Beta in Frameworks */ = {isa = PBXBuildFile; productRef = 769771FB2AFB6B4100FE1219 /* FirebaseInAppMessaging-Beta */; };
		769771FE2AFB6B4100FE1219 /* FirebaseInAppMessagingSwift-Beta in Frameworks */ = {isa = PBXBuildFile; productRef = 769771FD2AFB6B4100FE1219 /* FirebaseInAppMessagingSwift-Beta */; };
		769772002AFB6B4100FE1219 /* FirebaseInstallations in Frameworks */ = {isa = PBXBuildFile; productRef = 769771FF2AFB6B4100FE1219 /* FirebaseInstallations */; };
		769772022AFB6B4100FE1219 /* FirebaseMLModelDownloader in Frameworks */ = {isa = PBXBuildFile; productRef = 769772012AFB6B4100FE1219 /* FirebaseMLModelDownloader */; };
		769772042AFB6B4100FE1219 /* FirebaseMessaging in Frameworks */ = {isa = PBXBuildFile; productRef = 769772032AFB6B4100FE1219 /* FirebaseMessaging */; };
		769772062AFB6B4100FE1219 /* FirebasePerformance in Frameworks */ = {isa = PBXBuildFile; productRef = 769772052AFB6B4100FE1219 /* FirebasePerformance */; };
		769772082AFB6B4100FE1219 /* FirebaseRemoteConfig in Frameworks */ = {isa = PBXBuildFile; productRef = 769772072AFB6B4100FE1219 /* FirebaseRemoteConfig */; };
		7697720A2AFB6B4100FE1219 /* FirebaseRemoteConfigSwift in Frameworks */ = {isa = PBXBuildFile; productRef = 769772092AFB6B4100FE1219 /* FirebaseRemoteConfigSwift */; };
		7697720C2AFB6B4100FE1219 /* FirebaseStorage in Frameworks */ = {isa = PBXBuildFile; productRef = 7697720B2AFB6B4100FE1219 /* FirebaseStorage */; };
		7697720E2AFB6B4100FE1219 /* FirebaseStorageCombine-Community in Frameworks */ = {isa = PBXBuildFile; productRef = 7697720D2AFB6B4100FE1219 /* FirebaseStorageCombine-Community */; };
		769772122AFC9E2F00FE1219 /* Post.m in Sources */ = {isa = PBXBuildFile; fileRef = 769772112AFC9E2F00FE1219 /* Post.m */; };
		769772162AFCA67600FE1219 /* PostListViewController.storyboard in Resources */ = {isa = PBXBuildFile; fileRef = 769772152AFCA67600FE1219 /* PostListViewController.storyboard */; };
		7697721B2AFCAA6000FE1219 /* AddPostViewController.m in Sources */ = {isa = PBXBuildFile; fileRef = 7697721A2AFCAA6000FE1219 /* AddPostViewController.m */; };
		7697721D2AFCAA6E00FE1219 /* AddPostViewController.storyboard in Resources */ = {isa = PBXBuildFile; fileRef = 7697721C2AFCAA6E00FE1219 /* AddPostViewController.storyboard */; };
		769772212AFCAC6C00FE1219 /* PostTableViewCell.m in Sources */ = {isa = PBXBuildFile; fileRef = 769772202AFCAC6C00FE1219 /* PostTableViewCell.m */; };
		769772232AFCAC8300FE1219 /* PostTableViewCell.xib in Resources */ = {isa = PBXBuildFile; fileRef = 769772222AFCAC8300FE1219 /* PostTableViewCell.xib */; };
		769772272AFCB5BB00FE1219 /* NSDate+Helpers.m in Sources */ = {isa = PBXBuildFile; fileRef = 769772262AFCB5BB00FE1219 /* NSDate+Helpers.m */; };
		7697722A2AFCBB9000FE1219 /* SDWebImage in Frameworks */ = {isa = PBXBuildFile; productRef = 769772292AFCBB9000FE1219 /* SDWebImage */; };
		7697722C2AFCBB9000FE1219 /* SDWebImageMapKit in Frameworks */ = {isa = PBXBuildFile; productRef = 7697722B2AFCBB9000FE1219 /* SDWebImageMapKit */; };
		769772302AFCBF5300FE1219 /* MainTabBarController.m in Sources */ = {isa = PBXBuildFile; fileRef = 7697722F2AFCBF5300FE1219 /* MainTabBarController.m */; };
		76A93AEF2B048A7200E07529 /* Constants.m in Sources */ = {isa = PBXBuildFile; fileRef = 76A93AEE2B048A7200E07529 /* Constants.m */; };
		76A93AF32B04905C00E07529 /* SelectUnsplashPhotoViewController.storyboard in Resources */ = {isa = PBXBuildFile; fileRef = 76A93AF22B04905C00E07529 /* SelectUnsplashPhotoViewController.storyboard */; };
		76A93AF62B04907D00E07529 /* SelectUnsplashPhotoViewController.m in Sources */ = {isa = PBXBuildFile; fileRef = 76A93AF52B04907D00E07529 /* SelectUnsplashPhotoViewController.m */; };
		76A93AFA2B05E0CC00E07529 /* USPhotoSearchResponse.m in Sources */ = {isa = PBXBuildFile; fileRef = 76A93AF92B05E0CC00E07529 /* USPhotoSearchResponse.m */; };
		76A93AFD2B05E1FE00E07529 /* USUrls.m in Sources */ = {isa = PBXBuildFile; fileRef = 76A93AFC2B05E1FE00E07529 /* USUrls.m */; };
		76A93B002B05E2C600E07529 /* USPhoto.m in Sources */ = {isa = PBXBuildFile; fileRef = 76A93AFF2B05E2C600E07529 /* USPhoto.m */; };
		76A93B042B05E87300E07529 /* PhotoCollectionViewCell.m in Sources */ = {isa = PBXBuildFile; fileRef = 76A93B032B05E87300E07529 /* PhotoCollectionViewCell.m */; };
		76A93B062B05E88800E07529 /* PhotoCollectionViewCell.xib in Resources */ = {isa = PBXBuildFile; fileRef = 76A93B052B05E88800E07529 /* PhotoCollectionViewCell.xib */; };
		76A93B092B05EB1200E07529 /* UICollectionViewCell+ReuseId.m in Sources */ = {isa = PBXBuildFile; fileRef = 76A93B082B05EB1200E07529 /* UICollectionViewCell+ReuseId.m */; };
		76A93B0C2B05EBE800E07529 /* UITableViewCell+ReuseId.m in Sources */ = {isa = PBXBuildFile; fileRef = 76A93B0B2B05EBE800E07529 /* UITableViewCell+ReuseId.m */; };
		76A93B0F2B06056000E07529 /* UIScrollView+Helpers.m in Sources */ = {isa = PBXBuildFile; fileRef = 76A93B0E2B06056000E07529 /* UIScrollView+Helpers.m */; };
/* End PBXBuildFile section */

/* Begin PBXFileReference section */
		76509BE82AFDC2DE002994A9 /* UIViewController+Popup.h */ = {isa = PBXFileReference; lastKnownFileType = sourcecode.c.h; path = "UIViewController+Popup.h"; sourceTree = "<group>"; };
		76509BE92AFDC2DE002994A9 /* UIViewController+Popup.m */ = {isa = PBXFileReference; lastKnownFileType = sourcecode.c.objc; path = "UIViewController+Popup.m"; sourceTree = "<group>"; };
		769771BA2AFB6A5800FE1219 /* toy-sns-service.app */ = {isa = PBXFileReference; explicitFileType = wrapper.application; includeInIndex = 0; path = "toy-sns-service.app"; sourceTree = BUILT_PRODUCTS_DIR; };
		769771BD2AFB6A5800FE1219 /* AppDelegate.h */ = {isa = PBXFileReference; lastKnownFileType = sourcecode.c.h; path = AppDelegate.h; sourceTree = "<group>"; };
		769771BE2AFB6A5900FE1219 /* AppDelegate.m */ = {isa = PBXFileReference; lastKnownFileType = sourcecode.c.objc; path = AppDelegate.m; sourceTree = "<group>"; };
		769771C02AFB6A5900FE1219 /* SceneDelegate.h */ = {isa = PBXFileReference; lastKnownFileType = sourcecode.c.h; path = SceneDelegate.h; sourceTree = "<group>"; };
		769771C12AFB6A5900FE1219 /* SceneDelegate.m */ = {isa = PBXFileReference; lastKnownFileType = sourcecode.c.objc; path = SceneDelegate.m; sourceTree = "<group>"; };
		769771C32AFB6A5900FE1219 /* PostListViewController.h */ = {isa = PBXFileReference; lastKnownFileType = sourcecode.c.h; path = PostListViewController.h; sourceTree = "<group>"; };
		769771C42AFB6A5900FE1219 /* PostListViewController.m */ = {isa = PBXFileReference; lastKnownFileType = sourcecode.c.objc; path = PostListViewController.m; sourceTree = "<group>"; };
		769771C72AFB6A5900FE1219 /* Base */ = {isa = PBXFileReference; lastKnownFileType = file.storyboard; name = Base; path = Base.lproj/Main.storyboard; sourceTree = "<group>"; };
		769771C92AFB6A5900FE1219 /* Assets.xcassets */ = {isa = PBXFileReference; lastKnownFileType = folder.assetcatalog; path = Assets.xcassets; sourceTree = "<group>"; };
		769771CC2AFB6A5900FE1219 /* Base */ = {isa = PBXFileReference; lastKnownFileType = file.storyboard; name = Base; path = Base.lproj/LaunchScreen.storyboard; sourceTree = "<group>"; };
		769771CE2AFB6A5900FE1219 /* Info.plist */ = {isa = PBXFileReference; lastKnownFileType = text.plist.xml; path = Info.plist; sourceTree = "<group>"; };
		769771CF2AFB6A5900FE1219 /* main.m */ = {isa = PBXFileReference; lastKnownFileType = sourcecode.c.objc; path = main.m; sourceTree = "<group>"; };
		769771D62AFB6AB800FE1219 /* GoogleService-Info.plist */ = {isa = PBXFileReference; fileEncoding = 4; lastKnownFileType = text.plist.xml; path = "GoogleService-Info.plist"; sourceTree = "<group>"; };
		769772102AFC9E2F00FE1219 /* Post.h */ = {isa = PBXFileReference; lastKnownFileType = sourcecode.c.h; path = Post.h; sourceTree = "<group>"; };
		769772112AFC9E2F00FE1219 /* Post.m */ = {isa = PBXFileReference; lastKnownFileType = sourcecode.c.objc; path = Post.m; sourceTree = "<group>"; };
		769772152AFCA67600FE1219 /* PostListViewController.storyboard */ = {isa = PBXFileReference; lastKnownFileType = file.storyboard; path = PostListViewController.storyboard; sourceTree = "<group>"; };
		769772192AFCAA6000FE1219 /* AddPostViewController.h */ = {isa = PBXFileReference; lastKnownFileType = sourcecode.c.h; path = AddPostViewController.h; sourceTree = "<group>"; };
		7697721A2AFCAA6000FE1219 /* AddPostViewController.m */ = {isa = PBXFileReference; lastKnownFileType = sourcecode.c.objc; path = AddPostViewController.m; sourceTree = "<group>"; };
		7697721C2AFCAA6E00FE1219 /* AddPostViewController.storyboard */ = {isa = PBXFileReference; lastKnownFileType = file.storyboard; path = AddPostViewController.storyboard; sourceTree = "<group>"; };
		7697721F2AFCAC6C00FE1219 /* PostTableViewCell.h */ = {isa = PBXFileReference; lastKnownFileType = sourcecode.c.h; path = PostTableViewCell.h; sourceTree = "<group>"; };
		769772202AFCAC6C00FE1219 /* PostTableViewCell.m */ = {isa = PBXFileReference; lastKnownFileType = sourcecode.c.objc; path = PostTableViewCell.m; sourceTree = "<group>"; };
		769772222AFCAC8300FE1219 /* PostTableViewCell.xib */ = {isa = PBXFileReference; lastKnownFileType = file.xib; path = PostTableViewCell.xib; sourceTree = "<group>"; };
		769772252AFCB5BB00FE1219 /* NSDate+Helpers.h */ = {isa = PBXFileReference; lastKnownFileType = sourcecode.c.h; path = "NSDate+Helpers.h"; sourceTree = "<group>"; };
		769772262AFCB5BB00FE1219 /* NSDate+Helpers.m */ = {isa = PBXFileReference; lastKnownFileType = sourcecode.c.objc; path = "NSDate+Helpers.m"; sourceTree = "<group>"; };
		7697722E2AFCBF5300FE1219 /* MainTabBarController.h */ = {isa = PBXFileReference; lastKnownFileType = sourcecode.c.h; path = MainTabBarController.h; sourceTree = "<group>"; };
		7697722F2AFCBF5300FE1219 /* MainTabBarController.m */ = {isa = PBXFileReference; lastKnownFileType = sourcecode.c.objc; path = MainTabBarController.m; sourceTree = "<group>"; };
		76A93AEE2B048A7200E07529 /* Constants.m */ = {isa = PBXFileReference; lastKnownFileType = sourcecode.c.objc; path = Constants.m; sourceTree = "<group>"; };
		76A93AF02B048A7F00E07529 /* Constants.h */ = {isa = PBXFileReference; lastKnownFileType = sourcecode.c.h; path = Constants.h; sourceTree = "<group>"; };
		76A93AF22B04905C00E07529 /* SelectUnsplashPhotoViewController.storyboard */ = {isa = PBXFileReference; lastKnownFileType = file.storyboard; path = SelectUnsplashPhotoViewController.storyboard; sourceTree = "<group>"; };
		76A93AF42B04907D00E07529 /* SelectUnsplashPhotoViewController.h */ = {isa = PBXFileReference; lastKnownFileType = sourcecode.c.h; path = SelectUnsplashPhotoViewController.h; sourceTree = "<group>"; };
		76A93AF52B04907D00E07529 /* SelectUnsplashPhotoViewController.m */ = {isa = PBXFileReference; lastKnownFileType = sourcecode.c.objc; path = SelectUnsplashPhotoViewController.m; sourceTree = "<group>"; };
		76A93AF82B05E0CC00E07529 /* USPhotoSearchResponse.h */ = {isa = PBXFileReference; lastKnownFileType = sourcecode.c.h; path = USPhotoSearchResponse.h; sourceTree = "<group>"; };
		76A93AF92B05E0CC00E07529 /* USPhotoSearchResponse.m */ = {isa = PBXFileReference; lastKnownFileType = sourcecode.c.objc; path = USPhotoSearchResponse.m; sourceTree = "<group>"; };
		76A93AFB2B05E1FE00E07529 /* USUrls.h */ = {isa = PBXFileReference; lastKnownFileType = sourcecode.c.h; path = USUrls.h; sourceTree = "<group>"; };
		76A93AFC2B05E1FE00E07529 /* USUrls.m */ = {isa = PBXFileReference; lastKnownFileType = sourcecode.c.objc; path = USUrls.m; sourceTree = "<group>"; };
		76A93AFE2B05E2C600E07529 /* USPhoto.h */ = {isa = PBXFileReference; lastKnownFileType = sourcecode.c.h; path = USPhoto.h; sourceTree = "<group>"; };
		76A93AFF2B05E2C600E07529 /* USPhoto.m */ = {isa = PBXFileReference; lastKnownFileType = sourcecode.c.objc; path = USPhoto.m; sourceTree = "<group>"; };
		76A93B022B05E87300E07529 /* PhotoCollectionViewCell.h */ = {isa = PBXFileReference; lastKnownFileType = sourcecode.c.h; path = PhotoCollectionViewCell.h; sourceTree = "<group>"; };
		76A93B032B05E87300E07529 /* PhotoCollectionViewCell.m */ = {isa = PBXFileReference; lastKnownFileType = sourcecode.c.objc; path = PhotoCollectionViewCell.m; sourceTree = "<group>"; };
		76A93B052B05E88800E07529 /* PhotoCollectionViewCell.xib */ = {isa = PBXFileReference; lastKnownFileType = file.xib; path = PhotoCollectionViewCell.xib; sourceTree = "<group>"; };
		76A93B072B05EB1200E07529 /* UICollectionViewCell+ReuseId.h */ = {isa = PBXFileReference; lastKnownFileType = sourcecode.c.h; path = "UICollectionViewCell+ReuseId.h"; sourceTree = "<group>"; };
		76A93B082B05EB1200E07529 /* UICollectionViewCell+ReuseId.m */ = {isa = PBXFileReference; lastKnownFileType = sourcecode.c.objc; path = "UICollectionViewCell+ReuseId.m"; sourceTree = "<group>"; };
		76A93B0A2B05EBE800E07529 /* UITableViewCell+ReuseId.h */ = {isa = PBXFileReference; lastKnownFileType = sourcecode.c.h; path = "UITableViewCell+ReuseId.h"; sourceTree = "<group>"; };
		76A93B0B2B05EBE800E07529 /* UITableViewCell+ReuseId.m */ = {isa = PBXFileReference; lastKnownFileType = sourcecode.c.objc; path = "UITableViewCell+ReuseId.m"; sourceTree = "<group>"; };
		76A93B0D2B06056000E07529 /* UIScrollView+Helpers.h */ = {isa = PBXFileReference; lastKnownFileType = sourcecode.c.h; path = "UIScrollView+Helpers.h"; sourceTree = "<group>"; };
		76A93B0E2B06056000E07529 /* UIScrollView+Helpers.m */ = {isa = PBXFileReference; lastKnownFileType = sourcecode.c.objc; path = "UIScrollView+Helpers.m"; sourceTree = "<group>"; };
/* End PBXFileReference section */

/* Begin PBXFrameworksBuildPhase section */
		769771B72AFB6A5800FE1219 /* Frameworks */ = {
			isa = PBXFrameworksBuildPhase;
			buildActionMask = 2147483647;
			files = (
				7697722C2AFCBB9000FE1219 /* SDWebImageMapKit in Frameworks */,
				769771EC2AFB6B4100FE1219 /* FirebaseDatabase in Frameworks */,
				769771FA2AFB6B4100FE1219 /* FirebaseFunctionsCombine-Community in Frameworks */,
				769771F22AFB6B4100FE1219 /* FirebaseFirestore in Frameworks */,
				769771DE2AFB6B4100FE1219 /* FirebaseAnalyticsSwift in Frameworks */,
				769771DA2AFB6B4100FE1219 /* FirebaseAnalytics in Frameworks */,
				769771DC2AFB6B4100FE1219 /* FirebaseAnalyticsOnDeviceConversion in Frameworks */,
				769772022AFB6B4100FE1219 /* FirebaseMLModelDownloader in Frameworks */,
				769771F62AFB6B4100FE1219 /* FirebaseFirestoreSwift in Frameworks */,
				769771E22AFB6B4100FE1219 /* FirebaseAppCheck in Frameworks */,
				769771E02AFB6B4100FE1219 /* FirebaseAnalyticsWithoutAdIdSupport in Frameworks */,
				7697722A2AFCBB9000FE1219 /* SDWebImage in Frameworks */,
				769771E62AFB6B4100FE1219 /* FirebaseAuth in Frameworks */,
				769771EA2AFB6B4100FE1219 /* FirebaseCrashlytics in Frameworks */,
				7697720A2AFB6B4100FE1219 /* FirebaseRemoteConfigSwift in Frameworks */,
				769771FC2AFB6B4100FE1219 /* FirebaseInAppMessaging-Beta in Frameworks */,
				769771EE2AFB6B4100FE1219 /* FirebaseDatabaseSwift in Frameworks */,
				769771F82AFB6B4100FE1219 /* FirebaseFunctions in Frameworks */,
				7697720E2AFB6B4100FE1219 /* FirebaseStorageCombine-Community in Frameworks */,
				769772082AFB6B4100FE1219 /* FirebaseRemoteConfig in Frameworks */,
				769771E42AFB6B4100FE1219 /* FirebaseAppDistribution-Beta in Frameworks */,
				769771E82AFB6B4100FE1219 /* FirebaseAuthCombine-Community in Frameworks */,
				769772062AFB6B4100FE1219 /* FirebasePerformance in Frameworks */,
				769771FE2AFB6B4100FE1219 /* FirebaseInAppMessagingSwift-Beta in Frameworks */,
				7697720C2AFB6B4100FE1219 /* FirebaseStorage in Frameworks */,
				769771F02AFB6B4100FE1219 /* FirebaseDynamicLinks in Frameworks */,
				769771F42AFB6B4100FE1219 /* FirebaseFirestoreCombine-Community in Frameworks */,
				769772042AFB6B4100FE1219 /* FirebaseMessaging in Frameworks */,
				769772002AFB6B4100FE1219 /* FirebaseInstallations in Frameworks */,
			);
			runOnlyForDeploymentPostprocessing = 0;
		};
/* End PBXFrameworksBuildPhase section */

/* Begin PBXGroup section */
		769771B12AFB6A5800FE1219 = {
			isa = PBXGroup;
			children = (
				769771BC2AFB6A5800FE1219 /* toy-sns-service */,
				769771BB2AFB6A5800FE1219 /* Products */,
			);
			sourceTree = "<group>";
		};
		769771BB2AFB6A5800FE1219 /* Products */ = {
			isa = PBXGroup;
			children = (
				769771BA2AFB6A5800FE1219 /* toy-sns-service.app */,
			);
			name = Products;
			sourceTree = "<group>";
		};
		769771BC2AFB6A5800FE1219 /* toy-sns-service */ = {
			isa = PBXGroup;
			children = (
				769772242AFCB59500FE1219 /* Utilities */,
				769772132AFCA64D00FE1219 /* Controllers */,
				7697720F2AFC9E1700FE1219 /* Models */,
				769771D62AFB6AB800FE1219 /* GoogleService-Info.plist */,
				769771BD2AFB6A5800FE1219 /* AppDelegate.h */,
				769771BE2AFB6A5900FE1219 /* AppDelegate.m */,
				769771C02AFB6A5900FE1219 /* SceneDelegate.h */,
				769771C12AFB6A5900FE1219 /* SceneDelegate.m */,
				769771C62AFB6A5900FE1219 /* Main.storyboard */,
				769771C92AFB6A5900FE1219 /* Assets.xcassets */,
				769771CB2AFB6A5900FE1219 /* LaunchScreen.storyboard */,
				769771CE2AFB6A5900FE1219 /* Info.plist */,
				769771CF2AFB6A5900FE1219 /* main.m */,
			);
			path = "toy-sns-service";
			sourceTree = "<group>";
		};
		7697720F2AFC9E1700FE1219 /* Models */ = {
			isa = PBXGroup;
			children = (
				76A93AF72B05E0AF00E07529 /* SearchResponse */,
				769772102AFC9E2F00FE1219 /* Post.h */,
				769772112AFC9E2F00FE1219 /* Post.m */,
			);
			path = Models;
			sourceTree = "<group>";
		};
		769772132AFCA64D00FE1219 /* Controllers */ = {
			isa = PBXGroup;
			children = (
				76A93AF12B04903E00E07529 /* SelectUnsplashPhoto */,
				7697722D2AFCBF2D00FE1219 /* MainTab */,
				769772182AFCAA4800FE1219 /* AddPost */,
				769772142AFCA65600FE1219 /* PostList */,
			);
			path = Controllers;
			sourceTree = "<group>";
		};
		769772142AFCA65600FE1219 /* PostList */ = {
			isa = PBXGroup;
			children = (
				7697721E2AFCAC3E00FE1219 /* Cell */,
				769771C32AFB6A5900FE1219 /* PostListViewController.h */,
				769771C42AFB6A5900FE1219 /* PostListViewController.m */,
				769772152AFCA67600FE1219 /* PostListViewController.storyboard */,
			);
			path = PostList;
			sourceTree = "<group>";
		};
		769772182AFCAA4800FE1219 /* AddPost */ = {
			isa = PBXGroup;
			children = (
				769772192AFCAA6000FE1219 /* AddPostViewController.h */,
				7697721A2AFCAA6000FE1219 /* AddPostViewController.m */,
				7697721C2AFCAA6E00FE1219 /* AddPostViewController.storyboard */,
			);
			path = AddPost;
			sourceTree = "<group>";
		};
		7697721E2AFCAC3E00FE1219 /* Cell */ = {
			isa = PBXGroup;
			children = (
				7697721F2AFCAC6C00FE1219 /* PostTableViewCell.h */,
				769772202AFCAC6C00FE1219 /* PostTableViewCell.m */,
				769772222AFCAC8300FE1219 /* PostTableViewCell.xib */,
			);
			path = Cell;
			sourceTree = "<group>";
		};
		769772242AFCB59500FE1219 /* Utilities */ = {
			isa = PBXGroup;
			children = (
				769772252AFCB5BB00FE1219 /* NSDate+Helpers.h */,
				769772262AFCB5BB00FE1219 /* NSDate+Helpers.m */,
				76509BE82AFDC2DE002994A9 /* UIViewController+Popup.h */,
				76509BE92AFDC2DE002994A9 /* UIViewController+Popup.m */,
				76A93AF02B048A7F00E07529 /* Constants.h */,
				76A93AEE2B048A7200E07529 /* Constants.m */,
				76A93B072B05EB1200E07529 /* UICollectionViewCell+ReuseId.h */,
				76A93B082B05EB1200E07529 /* UICollectionViewCell+ReuseId.m */,
				76A93B0A2B05EBE800E07529 /* UITableViewCell+ReuseId.h */,
				76A93B0B2B05EBE800E07529 /* UITableViewCell+ReuseId.m */,
				76A93B0D2B06056000E07529 /* UIScrollView+Helpers.h */,
				76A93B0E2B06056000E07529 /* UIScrollView+Helpers.m */,
			);
			path = Utilities;
			sourceTree = "<group>";
		};
		7697722D2AFCBF2D00FE1219 /* MainTab */ = {
			isa = PBXGroup;
			children = (
				7697722E2AFCBF5300FE1219 /* MainTabBarController.h */,
				7697722F2AFCBF5300FE1219 /* MainTabBarController.m */,
			);
			path = MainTab;
			sourceTree = "<group>";
		};
		76A93AF12B04903E00E07529 /* SelectUnsplashPhoto */ = {
			isa = PBXGroup;
			children = (
				76A93B012B05E85800E07529 /* Cells */,
				76A93AF22B04905C00E07529 /* SelectUnsplashPhotoViewController.storyboard */,
				76A93AF42B04907D00E07529 /* SelectUnsplashPhotoViewController.h */,
				76A93AF52B04907D00E07529 /* SelectUnsplashPhotoViewController.m */,
			);
			path = SelectUnsplashPhoto;
			sourceTree = "<group>";
		};
		76A93AF72B05E0AF00E07529 /* SearchResponse */ = {
			isa = PBXGroup;
			children = (
				76A93AF82B05E0CC00E07529 /* USPhotoSearchResponse.h */,
				76A93AF92B05E0CC00E07529 /* USPhotoSearchResponse.m */,
				76A93AFB2B05E1FE00E07529 /* USUrls.h */,
				76A93AFC2B05E1FE00E07529 /* USUrls.m */,
				76A93AFE2B05E2C600E07529 /* USPhoto.h */,
				76A93AFF2B05E2C600E07529 /* USPhoto.m */,
			);
			path = SearchResponse;
			sourceTree = "<group>";
		};
		76A93B012B05E85800E07529 /* Cells */ = {
			isa = PBXGroup;
			children = (
				76A93B022B05E87300E07529 /* PhotoCollectionViewCell.h */,
				76A93B032B05E87300E07529 /* PhotoCollectionViewCell.m */,
				76A93B052B05E88800E07529 /* PhotoCollectionViewCell.xib */,
			);
			path = Cells;
			sourceTree = "<group>";
		};
/* End PBXGroup section */

/* Begin PBXNativeTarget section */
		769771B92AFB6A5800FE1219 /* toy-sns-service */ = {
			isa = PBXNativeTarget;
			buildConfigurationList = 769771D32AFB6A5900FE1219 /* Build configuration list for PBXNativeTarget "toy-sns-service" */;
			buildPhases = (
				769771B62AFB6A5800FE1219 /* Sources */,
				769771B72AFB6A5800FE1219 /* Frameworks */,
				769771B82AFB6A5800FE1219 /* Resources */,
			);
			buildRules = (
			);
			dependencies = (
			);
			name = "toy-sns-service";
			packageProductDependencies = (
				769771D92AFB6B4100FE1219 /* FirebaseAnalytics */,
				769771DB2AFB6B4100FE1219 /* FirebaseAnalyticsOnDeviceConversion */,
				769771DD2AFB6B4100FE1219 /* FirebaseAnalyticsSwift */,
				769771DF2AFB6B4100FE1219 /* FirebaseAnalyticsWithoutAdIdSupport */,
				769771E12AFB6B4100FE1219 /* FirebaseAppCheck */,
				769771E32AFB6B4100FE1219 /* FirebaseAppDistribution-Beta */,
				769771E52AFB6B4100FE1219 /* FirebaseAuth */,
				769771E72AFB6B4100FE1219 /* FirebaseAuthCombine-Community */,
				769771E92AFB6B4100FE1219 /* FirebaseCrashlytics */,
				769771EB2AFB6B4100FE1219 /* FirebaseDatabase */,
				769771ED2AFB6B4100FE1219 /* FirebaseDatabaseSwift */,
				769771EF2AFB6B4100FE1219 /* FirebaseDynamicLinks */,
				769771F12AFB6B4100FE1219 /* FirebaseFirestore */,
				769771F32AFB6B4100FE1219 /* FirebaseFirestoreCombine-Community */,
				769771F52AFB6B4100FE1219 /* FirebaseFirestoreSwift */,
				769771F72AFB6B4100FE1219 /* FirebaseFunctions */,
				769771F92AFB6B4100FE1219 /* FirebaseFunctionsCombine-Community */,
				769771FB2AFB6B4100FE1219 /* FirebaseInAppMessaging-Beta */,
				769771FD2AFB6B4100FE1219 /* FirebaseInAppMessagingSwift-Beta */,
				769771FF2AFB6B4100FE1219 /* FirebaseInstallations */,
				769772012AFB6B4100FE1219 /* FirebaseMLModelDownloader */,
				769772032AFB6B4100FE1219 /* FirebaseMessaging */,
				769772052AFB6B4100FE1219 /* FirebasePerformance */,
				769772072AFB6B4100FE1219 /* FirebaseRemoteConfig */,
				769772092AFB6B4100FE1219 /* FirebaseRemoteConfigSwift */,
				7697720B2AFB6B4100FE1219 /* FirebaseStorage */,
				7697720D2AFB6B4100FE1219 /* FirebaseStorageCombine-Community */,
				769772292AFCBB9000FE1219 /* SDWebImage */,
				7697722B2AFCBB9000FE1219 /* SDWebImageMapKit */,
			);
			productName = "toy-sns-service";
			productReference = 769771BA2AFB6A5800FE1219 /* toy-sns-service.app */;
			productType = "com.apple.product-type.application";
		};
/* End PBXNativeTarget section */

/* Begin PBXProject section */
		769771B22AFB6A5800FE1219 /* Project object */ = {
			isa = PBXProject;
			attributes = {
				BuildIndependentTargetsInParallel = 1;
				LastUpgradeCheck = 1500;
				TargetAttributes = {
					769771B92AFB6A5800FE1219 = {
						CreatedOnToolsVersion = 15.0;
					};
				};
			};
			buildConfigurationList = 769771B52AFB6A5800FE1219 /* Build configuration list for PBXProject "toy-sns-service" */;
			compatibilityVersion = "Xcode 14.0";
			developmentRegion = en;
			hasScannedForEncodings = 0;
			knownRegions = (
				en,
				Base,
			);
			mainGroup = 769771B12AFB6A5800FE1219;
			packageReferences = (
				769771D82AFB6B4100FE1219 /* XCRemoteSwiftPackageReference "firebase-ios-sdk" */,
				769772282AFCBB9000FE1219 /* XCRemoteSwiftPackageReference "SDWebImage" */,
			);
			productRefGroup = 769771BB2AFB6A5800FE1219 /* Products */;
			projectDirPath = "";
			projectRoot = "";
			targets = (
				769771B92AFB6A5800FE1219 /* toy-sns-service */,
			);
		};
/* End PBXProject section */

/* Begin PBXResourcesBuildPhase section */
		769771B82AFB6A5800FE1219 /* Resources */ = {
			isa = PBXResourcesBuildPhase;
			buildActionMask = 2147483647;
			files = (
				7697721D2AFCAA6E00FE1219 /* AddPostViewController.storyboard in Resources */,
				769771CD2AFB6A5900FE1219 /* LaunchScreen.storyboard in Resources */,
				769771D72AFB6AB800FE1219 /* GoogleService-Info.plist in Resources */,
				76A93B062B05E88800E07529 /* PhotoCollectionViewCell.xib in Resources */,
				769771CA2AFB6A5900FE1219 /* Assets.xcassets in Resources */,
				769772232AFCAC8300FE1219 /* PostTableViewCell.xib in Resources */,
				76A93AF32B04905C00E07529 /* SelectUnsplashPhotoViewController.storyboard in Resources */,
				769771C82AFB6A5900FE1219 /* Main.storyboard in Resources */,
				769772162AFCA67600FE1219 /* PostListViewController.storyboard in Resources */,
			);
			runOnlyForDeploymentPostprocessing = 0;
		};
/* End PBXResourcesBuildPhase section */

/* Begin PBXSourcesBuildPhase section */
		769771B62AFB6A5800FE1219 /* Sources */ = {
			isa = PBXSourcesBuildPhase;
			buildActionMask = 2147483647;
			files = (
				76A93AEF2B048A7200E07529 /* Constants.m in Sources */,
				769772272AFCB5BB00FE1219 /* NSDate+Helpers.m in Sources */,
				769772122AFC9E2F00FE1219 /* Post.m in Sources */,
				769772302AFCBF5300FE1219 /* MainTabBarController.m in Sources */,
				76509BEA2AFDC2DE002994A9 /* UIViewController+Popup.m in Sources */,
				76A93B042B05E87300E07529 /* PhotoCollectionViewCell.m in Sources */,
				76A93AF62B04907D00E07529 /* SelectUnsplashPhotoViewController.m in Sources */,
				76A93B092B05EB1200E07529 /* UICollectionViewCell+ReuseId.m in Sources */,
				769771C52AFB6A5900FE1219 /* PostListViewController.m in Sources */,
				7697721B2AFCAA6000FE1219 /* AddPostViewController.m in Sources */,
				769772212AFCAC6C00FE1219 /* PostTableViewCell.m in Sources */,
				76A93AFD2B05E1FE00E07529 /* USUrls.m in Sources */,
				76A93AFA2B05E0CC00E07529 /* USPhotoSearchResponse.m in Sources */,
				76A93B002B05E2C600E07529 /* USPhoto.m in Sources */,
				769771BF2AFB6A5900FE1219 /* AppDelegate.m in Sources */,
				76A93B0C2B05EBE800E07529 /* UITableViewCell+ReuseId.m in Sources */,
				76A93B0F2B06056000E07529 /* UIScrollView+Helpers.m in Sources */,
				769771D02AFB6A5900FE1219 /* main.m in Sources */,
				769771C22AFB6A5900FE1219 /* SceneDelegate.m in Sources */,
			);
			runOnlyForDeploymentPostprocessing = 0;
		};
/* End PBXSourcesBuildPhase section */

/* Begin PBXVariantGroup section */
		769771C62AFB6A5900FE1219 /* Main.storyboard */ = {
			isa = PBXVariantGroup;
			children = (
				769771C72AFB6A5900FE1219 /* Base */,
			);
			name = Main.storyboard;
			sourceTree = "<group>";
		};
		769771CB2AFB6A5900FE1219 /* LaunchScreen.storyboard */ = {
			isa = PBXVariantGroup;
			children = (
				769771CC2AFB6A5900FE1219 /* Base */,
			);
			name = LaunchScreen.storyboard;
			sourceTree = "<group>";
		};
/* End PBXVariantGroup section */

/* Begin XCBuildConfiguration section */
		769771D12AFB6A5900FE1219 /* Debug */ = {
			isa = XCBuildConfiguration;
			buildSettings = {
				ALWAYS_SEARCH_USER_PATHS = NO;
				ASSETCATALOG_COMPILER_GENERATE_SWIFT_ASSET_SYMBOL_EXTENSIONS = YES;
				CLANG_ANALYZER_NONNULL = YES;
				CLANG_ANALYZER_NUMBER_OBJECT_CONVERSION = YES_AGGRESSIVE;
				CLANG_CXX_LANGUAGE_STANDARD = "gnu++20";
				CLANG_ENABLE_MODULES = YES;
				CLANG_ENABLE_OBJC_ARC = YES;
				CLANG_ENABLE_OBJC_WEAK = YES;
				CLANG_WARN_BLOCK_CAPTURE_AUTORELEASING = YES;
				CLANG_WARN_BOOL_CONVERSION = YES;
				CLANG_WARN_COMMA = YES;
				CLANG_WARN_CONSTANT_CONVERSION = YES;
				CLANG_WARN_DEPRECATED_OBJC_IMPLEMENTATIONS = YES;
				CLANG_WARN_DIRECT_OBJC_ISA_USAGE = YES_ERROR;
				CLANG_WARN_DOCUMENTATION_COMMENTS = YES;
				CLANG_WARN_EMPTY_BODY = YES;
				CLANG_WARN_ENUM_CONVERSION = YES;
				CLANG_WARN_INFINITE_RECURSION = YES;
				CLANG_WARN_INT_CONVERSION = YES;
				CLANG_WARN_NON_LITERAL_NULL_CONVERSION = YES;
				CLANG_WARN_OBJC_IMPLICIT_RETAIN_SELF = YES;
				CLANG_WARN_OBJC_LITERAL_CONVERSION = YES;
				CLANG_WARN_OBJC_ROOT_CLASS = YES_ERROR;
				CLANG_WARN_QUOTED_INCLUDE_IN_FRAMEWORK_HEADER = YES;
				CLANG_WARN_RANGE_LOOP_ANALYSIS = YES;
				CLANG_WARN_STRICT_PROTOTYPES = YES;
				CLANG_WARN_SUSPICIOUS_MOVE = YES;
				CLANG_WARN_UNGUARDED_AVAILABILITY = YES_AGGRESSIVE;
				CLANG_WARN_UNREACHABLE_CODE = YES;
				CLANG_WARN__DUPLICATE_METHOD_MATCH = YES;
				COPY_PHASE_STRIP = NO;
				DEBUG_INFORMATION_FORMAT = dwarf;
				ENABLE_STRICT_OBJC_MSGSEND = YES;
				ENABLE_TESTABILITY = YES;
				ENABLE_USER_SCRIPT_SANDBOXING = YES;
				GCC_C_LANGUAGE_STANDARD = gnu17;
				GCC_DYNAMIC_NO_PIC = NO;
				GCC_NO_COMMON_BLOCKS = YES;
				GCC_OPTIMIZATION_LEVEL = 0;
				GCC_PREPROCESSOR_DEFINITIONS = (
					"DEBUG=1",
					"$(inherited)",
				);
				GCC_WARN_64_TO_32_BIT_CONVERSION = YES;
				GCC_WARN_ABOUT_RETURN_TYPE = YES_ERROR;
				GCC_WARN_UNDECLARED_SELECTOR = YES;
				GCC_WARN_UNINITIALIZED_AUTOS = YES_AGGRESSIVE;
				GCC_WARN_UNUSED_FUNCTION = YES;
				GCC_WARN_UNUSED_VARIABLE = YES;
				IPHONEOS_DEPLOYMENT_TARGET = 17.0;
				LOCALIZATION_PREFERS_STRING_CATALOGS = YES;
				MTL_ENABLE_DEBUG_INFO = INCLUDE_SOURCE;
				MTL_FAST_MATH = YES;
				ONLY_ACTIVE_ARCH = YES;
				SDKROOT = iphoneos;
			};
			name = Debug;
		};
		769771D22AFB6A5900FE1219 /* Release */ = {
			isa = XCBuildConfiguration;
			buildSettings = {
				ALWAYS_SEARCH_USER_PATHS = NO;
				ASSETCATALOG_COMPILER_GENERATE_SWIFT_ASSET_SYMBOL_EXTENSIONS = YES;
				CLANG_ANALYZER_NONNULL = YES;
				CLANG_ANALYZER_NUMBER_OBJECT_CONVERSION = YES_AGGRESSIVE;
				CLANG_CXX_LANGUAGE_STANDARD = "gnu++20";
				CLANG_ENABLE_MODULES = YES;
				CLANG_ENABLE_OBJC_ARC = YES;
				CLANG_ENABLE_OBJC_WEAK = YES;
				CLANG_WARN_BLOCK_CAPTURE_AUTORELEASING = YES;
				CLANG_WARN_BOOL_CONVERSION = YES;
				CLANG_WARN_COMMA = YES;
				CLANG_WARN_CONSTANT_CONVERSION = YES;
				CLANG_WARN_DEPRECATED_OBJC_IMPLEMENTATIONS = YES;
				CLANG_WARN_DIRECT_OBJC_ISA_USAGE = YES_ERROR;
				CLANG_WARN_DOCUMENTATION_COMMENTS = YES;
				CLANG_WARN_EMPTY_BODY = YES;
				CLANG_WARN_ENUM_CONVERSION = YES;
				CLANG_WARN_INFINITE_RECURSION = YES;
				CLANG_WARN_INT_CONVERSION = YES;
				CLANG_WARN_NON_LITERAL_NULL_CONVERSION = YES;
				CLANG_WARN_OBJC_IMPLICIT_RETAIN_SELF = YES;
				CLANG_WARN_OBJC_LITERAL_CONVERSION = YES;
				CLANG_WARN_OBJC_ROOT_CLASS = YES_ERROR;
				CLANG_WARN_QUOTED_INCLUDE_IN_FRAMEWORK_HEADER = YES;
				CLANG_WARN_RANGE_LOOP_ANALYSIS = YES;
				CLANG_WARN_STRICT_PROTOTYPES = YES;
				CLANG_WARN_SUSPICIOUS_MOVE = YES;
				CLANG_WARN_UNGUARDED_AVAILABILITY = YES_AGGRESSIVE;
				CLANG_WARN_UNREACHABLE_CODE = YES;
				CLANG_WARN__DUPLICATE_METHOD_MATCH = YES;
				COPY_PHASE_STRIP = NO;
				DEBUG_INFORMATION_FORMAT = "dwarf-with-dsym";
				ENABLE_NS_ASSERTIONS = NO;
				ENABLE_STRICT_OBJC_MSGSEND = YES;
				ENABLE_USER_SCRIPT_SANDBOXING = YES;
				GCC_C_LANGUAGE_STANDARD = gnu17;
				GCC_NO_COMMON_BLOCKS = YES;
				GCC_WARN_64_TO_32_BIT_CONVERSION = YES;
				GCC_WARN_ABOUT_RETURN_TYPE = YES_ERROR;
				GCC_WARN_UNDECLARED_SELECTOR = YES;
				GCC_WARN_UNINITIALIZED_AUTOS = YES_AGGRESSIVE;
				GCC_WARN_UNUSED_FUNCTION = YES;
				GCC_WARN_UNUSED_VARIABLE = YES;
				IPHONEOS_DEPLOYMENT_TARGET = 17.0;
				LOCALIZATION_PREFERS_STRING_CATALOGS = YES;
				MTL_ENABLE_DEBUG_INFO = NO;
				MTL_FAST_MATH = YES;
				SDKROOT = iphoneos;
				VALIDATE_PRODUCT = YES;
			};
			name = Release;
		};
		769771D42AFB6A5900FE1219 /* Debug */ = {
			isa = XCBuildConfiguration;
			buildSettings = {
				ASSETCATALOG_COMPILER_APPICON_NAME = AppIcon;
				ASSETCATALOG_COMPILER_GLOBAL_ACCENT_COLOR_NAME = AccentColor;
				CODE_SIGN_STYLE = Automatic;
				CURRENT_PROJECT_VERSION = 1;
				DEVELOPMENT_TEAM = 887S3AQ8HM;
				GENERATE_INFOPLIST_FILE = YES;
				INFOPLIST_FILE = "toy-sns-service/Info.plist";
				INFOPLIST_KEY_UIApplicationSupportsIndirectInputEvents = YES;
				INFOPLIST_KEY_UILaunchStoryboardName = LaunchScreen;
				INFOPLIST_KEY_UIMainStoryboardFile = Main;
				INFOPLIST_KEY_UISupportedInterfaceOrientations_iPad = "UIInterfaceOrientationPortrait UIInterfaceOrientationPortraitUpsideDown UIInterfaceOrientationLandscapeLeft UIInterfaceOrientationLandscapeRight";
				INFOPLIST_KEY_UISupportedInterfaceOrientations_iPhone = "UIInterfaceOrientationPortrait UIInterfaceOrientationLandscapeLeft UIInterfaceOrientationLandscapeRight";
				IPHONEOS_DEPLOYMENT_TARGET = 16.0;
				LD_RUNPATH_SEARCH_PATHS = (
					"$(inherited)",
					"@executable_path/Frameworks",
				);
				MARKETING_VERSION = 1.0;
				PRODUCT_BUNDLE_IDENTIFIER = "com.rlaehgns745.toy-sns-service";
				PRODUCT_NAME = "$(TARGET_NAME)";
				SUPPORTED_PLATFORMS = "iphoneos iphonesimulator";
				SUPPORTS_MACCATALYST = NO;
				SUPPORTS_MAC_DESIGNED_FOR_IPHONE_IPAD = NO;
				SWIFT_EMIT_LOC_STRINGS = YES;
				TARGETED_DEVICE_FAMILY = 1;
			};
			name = Debug;
		};
		769771D52AFB6A5900FE1219 /* Release */ = {
			isa = XCBuildConfiguration;
			buildSettings = {
				ASSETCATALOG_COMPILER_APPICON_NAME = AppIcon;
				ASSETCATALOG_COMPILER_GLOBAL_ACCENT_COLOR_NAME = AccentColor;
				CODE_SIGN_STYLE = Automatic;
				CURRENT_PROJECT_VERSION = 1;
				DEVELOPMENT_TEAM = 887S3AQ8HM;
				GENERATE_INFOPLIST_FILE = YES;
				INFOPLIST_FILE = "toy-sns-service/Info.plist";
				INFOPLIST_KEY_UIApplicationSupportsIndirectInputEvents = YES;
				INFOPLIST_KEY_UILaunchStoryboardName = LaunchScreen;
				INFOPLIST_KEY_UIMainStoryboardFile = Main;
				INFOPLIST_KEY_UISupportedInterfaceOrientations_iPad = "UIInterfaceOrientationPortrait UIInterfaceOrientationPortraitUpsideDown UIInterfaceOrientationLandscapeLeft UIInterfaceOrientationLandscapeRight";
				INFOPLIST_KEY_UISupportedInterfaceOrientations_iPhone = "UIInterfaceOrientationPortrait UIInterfaceOrientationLandscapeLeft UIInterfaceOrientationLandscapeRight";
				IPHONEOS_DEPLOYMENT_TARGET = 16.0;
				LD_RUNPATH_SEARCH_PATHS = (
					"$(inherited)",
					"@executable_path/Frameworks",
				);
				MARKETING_VERSION = 1.0;
				PRODUCT_BUNDLE_IDENTIFIER = "com.rlaehgns745.toy-sns-service";
				PRODUCT_NAME = "$(TARGET_NAME)";
				SUPPORTED_PLATFORMS = "iphoneos iphonesimulator";
				SUPPORTS_MACCATALYST = NO;
				SUPPORTS_MAC_DESIGNED_FOR_IPHONE_IPAD = NO;
				SWIFT_EMIT_LOC_STRINGS = YES;
				TARGETED_DEVICE_FAMILY = 1;
			};
			name = Release;
		};
/* End XCBuildConfiguration section */

/* Begin XCConfigurationList section */
		769771B52AFB6A5800FE1219 /* Build configuration list for PBXProject "toy-sns-service" */ = {
			isa = XCConfigurationList;
			buildConfigurations = (
				769771D12AFB6A5900FE1219 /* Debug */,
				769771D22AFB6A5900FE1219 /* Release */,
			);
			defaultConfigurationIsVisible = 0;
			defaultConfigurationName = Release;
		};
		769771D32AFB6A5900FE1219 /* Build configuration list for PBXNativeTarget "toy-sns-service" */ = {
			isa = XCConfigurationList;
			buildConfigurations = (
				769771D42AFB6A5900FE1219 /* Debug */,
				769771D52AFB6A5900FE1219 /* Release */,
			);
			defaultConfigurationIsVisible = 0;
			defaultConfigurationName = Release;
		};
/* End XCConfigurationList section */

/* Begin XCRemoteSwiftPackageReference section */
		769771D82AFB6B4100FE1219 /* XCRemoteSwiftPackageReference "firebase-ios-sdk" */ = {
			isa = XCRemoteSwiftPackageReference;
			repositoryURL = "https://github.com/firebase/firebase-ios-sdk";
			requirement = {
				kind = upToNextMajorVersion;
				minimumVersion = 10.17.0;
			};
		};
		769772282AFCBB9000FE1219 /* XCRemoteSwiftPackageReference "SDWebImage" */ = {
			isa = XCRemoteSwiftPackageReference;
			repositoryURL = "https://github.com/SDWebImage/SDWebImage.git";
			requirement = {
				kind = upToNextMajorVersion;
				minimumVersion = 5.18.4;
			};
		};
/* End XCRemoteSwiftPackageReference section */

/* Begin XCSwiftPackageProductDependency section */
		769771D92AFB6B4100FE1219 /* FirebaseAnalytics */ = {
			isa = XCSwiftPackageProductDependency;
			package = 769771D82AFB6B4100FE1219 /* XCRemoteSwiftPackageReference "firebase-ios-sdk" */;
			productName = FirebaseAnalytics;
		};
		769771DB2AFB6B4100FE1219 /* FirebaseAnalyticsOnDeviceConversion */ = {
			isa = XCSwiftPackageProductDependency;
			package = 769771D82AFB6B4100FE1219 /* XCRemoteSwiftPackageReference "firebase-ios-sdk" */;
			productName = FirebaseAnalyticsOnDeviceConversion;
		};
		769771DD2AFB6B4100FE1219 /* FirebaseAnalyticsSwift */ = {
			isa = XCSwiftPackageProductDependency;
			package = 769771D82AFB6B4100FE1219 /* XCRemoteSwiftPackageReference "firebase-ios-sdk" */;
			productName = FirebaseAnalyticsSwift;
		};
		769771DF2AFB6B4100FE1219 /* FirebaseAnalyticsWithoutAdIdSupport */ = {
			isa = XCSwiftPackageProductDependency;
			package = 769771D82AFB6B4100FE1219 /* XCRemoteSwiftPackageReference "firebase-ios-sdk" */;
			productName = FirebaseAnalyticsWithoutAdIdSupport;
		};
		769771E12AFB6B4100FE1219 /* FirebaseAppCheck */ = {
			isa = XCSwiftPackageProductDependency;
			package = 769771D82AFB6B4100FE1219 /* XCRemoteSwiftPackageReference "firebase-ios-sdk" */;
			productName = FirebaseAppCheck;
		};
		769771E32AFB6B4100FE1219 /* FirebaseAppDistribution-Beta */ = {
			isa = XCSwiftPackageProductDependency;
			package = 769771D82AFB6B4100FE1219 /* XCRemoteSwiftPackageReference "firebase-ios-sdk" */;
			productName = "FirebaseAppDistribution-Beta";
		};
		769771E52AFB6B4100FE1219 /* FirebaseAuth */ = {
			isa = XCSwiftPackageProductDependency;
			package = 769771D82AFB6B4100FE1219 /* XCRemoteSwiftPackageReference "firebase-ios-sdk" */;
			productName = FirebaseAuth;
		};
		769771E72AFB6B4100FE1219 /* FirebaseAuthCombine-Community */ = {
			isa = XCSwiftPackageProductDependency;
			package = 769771D82AFB6B4100FE1219 /* XCRemoteSwiftPackageReference "firebase-ios-sdk" */;
			productName = "FirebaseAuthCombine-Community";
		};
		769771E92AFB6B4100FE1219 /* FirebaseCrashlytics */ = {
			isa = XCSwiftPackageProductDependency;
			package = 769771D82AFB6B4100FE1219 /* XCRemoteSwiftPackageReference "firebase-ios-sdk" */;
			productName = FirebaseCrashlytics;
		};
		769771EB2AFB6B4100FE1219 /* FirebaseDatabase */ = {
			isa = XCSwiftPackageProductDependency;
			package = 769771D82AFB6B4100FE1219 /* XCRemoteSwiftPackageReference "firebase-ios-sdk" */;
			productName = FirebaseDatabase;
		};
		769771ED2AFB6B4100FE1219 /* FirebaseDatabaseSwift */ = {
			isa = XCSwiftPackageProductDependency;
			package = 769771D82AFB6B4100FE1219 /* XCRemoteSwiftPackageReference "firebase-ios-sdk" */;
			productName = FirebaseDatabaseSwift;
		};
		769771EF2AFB6B4100FE1219 /* FirebaseDynamicLinks */ = {
			isa = XCSwiftPackageProductDependency;
			package = 769771D82AFB6B4100FE1219 /* XCRemoteSwiftPackageReference "firebase-ios-sdk" */;
			productName = FirebaseDynamicLinks;
		};
		769771F12AFB6B4100FE1219 /* FirebaseFirestore */ = {
			isa = XCSwiftPackageProductDependency;
			package = 769771D82AFB6B4100FE1219 /* XCRemoteSwiftPackageReference "firebase-ios-sdk" */;
			productName = FirebaseFirestore;
		};
		769771F32AFB6B4100FE1219 /* FirebaseFirestoreCombine-Community */ = {
			isa = XCSwiftPackageProductDependency;
			package = 769771D82AFB6B4100FE1219 /* XCRemoteSwiftPackageReference "firebase-ios-sdk" */;
			productName = "FirebaseFirestoreCombine-Community";
		};
		769771F52AFB6B4100FE1219 /* FirebaseFirestoreSwift */ = {
			isa = XCSwiftPackageProductDependency;
			package = 769771D82AFB6B4100FE1219 /* XCRemoteSwiftPackageReference "firebase-ios-sdk" */;
			productName = FirebaseFirestoreSwift;
		};
		769771F72AFB6B4100FE1219 /* FirebaseFunctions */ = {
			isa = XCSwiftPackageProductDependency;
			package = 769771D82AFB6B4100FE1219 /* XCRemoteSwiftPackageReference "firebase-ios-sdk" */;
			productName = FirebaseFunctions;
		};
		769771F92AFB6B4100FE1219 /* FirebaseFunctionsCombine-Community */ = {
			isa = XCSwiftPackageProductDependency;
			package = 769771D82AFB6B4100FE1219 /* XCRemoteSwiftPackageReference "firebase-ios-sdk" */;
			productName = "FirebaseFunctionsCombine-Community";
		};
		769771FB2AFB6B4100FE1219 /* FirebaseInAppMessaging-Beta */ = {
			isa = XCSwiftPackageProductDependency;
			package = 769771D82AFB6B4100FE1219 /* XCRemoteSwiftPackageReference "firebase-ios-sdk" */;
			productName = "FirebaseInAppMessaging-Beta";
		};
		769771FD2AFB6B4100FE1219 /* FirebaseInAppMessagingSwift-Beta */ = {
			isa = XCSwiftPackageProductDependency;
			package = 769771D82AFB6B4100FE1219 /* XCRemoteSwiftPackageReference "firebase-ios-sdk" */;
			productName = "FirebaseInAppMessagingSwift-Beta";
		};
		769771FF2AFB6B4100FE1219 /* FirebaseInstallations */ = {
			isa = XCSwiftPackageProductDependency;
			package = 769771D82AFB6B4100FE1219 /* XCRemoteSwiftPackageReference "firebase-ios-sdk" */;
			productName = FirebaseInstallations;
		};
		769772012AFB6B4100FE1219 /* FirebaseMLModelDownloader */ = {
			isa = XCSwiftPackageProductDependency;
			package = 769771D82AFB6B4100FE1219 /* XCRemoteSwiftPackageReference "firebase-ios-sdk" */;
			productName = FirebaseMLModelDownloader;
		};
		769772032AFB6B4100FE1219 /* FirebaseMessaging */ = {
			isa = XCSwiftPackageProductDependency;
			package = 769771D82AFB6B4100FE1219 /* XCRemoteSwiftPackageReference "firebase-ios-sdk" */;
			productName = FirebaseMessaging;
		};
		769772052AFB6B4100FE1219 /* FirebasePerformance */ = {
			isa = XCSwiftPackageProductDependency;
			package = 769771D82AFB6B4100FE1219 /* XCRemoteSwiftPackageReference "firebase-ios-sdk" */;
			productName = FirebasePerformance;
		};
		769772072AFB6B4100FE1219 /* FirebaseRemoteConfig */ = {
			isa = XCSwiftPackageProductDependency;
			package = 769771D82AFB6B4100FE1219 /* XCRemoteSwiftPackageReference "firebase-ios-sdk" */;
			productName = FirebaseRemoteConfig;
		};
		769772092AFB6B4100FE1219 /* FirebaseRemoteConfigSwift */ = {
			isa = XCSwiftPackageProductDependency;
			package = 769771D82AFB6B4100FE1219 /* XCRemoteSwiftPackageReference "firebase-ios-sdk" */;
			productName = FirebaseRemoteConfigSwift;
		};
		7697720B2AFB6B4100FE1219 /* FirebaseStorage */ = {
			isa = XCSwiftPackageProductDependency;
			package = 769771D82AFB6B4100FE1219 /* XCRemoteSwiftPackageReference "firebase-ios-sdk" */;
			productName = FirebaseStorage;
		};
		7697720D2AFB6B4100FE1219 /* FirebaseStorageCombine-Community */ = {
			isa = XCSwiftPackageProductDependency;
			package = 769771D82AFB6B4100FE1219 /* XCRemoteSwiftPackageReference "firebase-ios-sdk" */;
			productName = "FirebaseStorageCombine-Community";
		};
		769772292AFCBB9000FE1219 /* SDWebImage */ = {
			isa = XCSwiftPackageProductDependency;
			package = 769772282AFCBB9000FE1219 /* XCRemoteSwiftPackageReference "SDWebImage" */;
			productName = SDWebImage;
		};
		7697722B2AFCBB9000FE1219 /* SDWebImageMapKit */ = {
			isa = XCSwiftPackageProductDependency;
			package = 769772282AFCBB9000FE1219 /* XCRemoteSwiftPackageReference "SDWebImage" */;
			productName = SDWebImageMapKit;
		};
/* End XCSwiftPackageProductDependency section */
	};
	rootObject = 769771B22AFB6A5800FE1219 /* Project object */;
}
