// !$*UTF8*$!
{
	archiveVersion = 1;
	classes = {
	};
	objectVersion = 56;
	objects = {

/* Begin PBXBuildFile section */
		769771BF2AFB6A5900FE1219 /* AppDelegate.m in Sources */ = {isa = PBXBuildFile; fileRef = 769771BE2AFB6A5900FE1219 /* AppDelegate.m */; };
		769771C22AFB6A5900FE1219 /* SceneDelegate.m in Sources */ = {isa = PBXBuildFile; fileRef = 769771C12AFB6A5900FE1219 /* SceneDelegate.m */; };
		769771C52AFB6A5900FE1219 /* ViewController.m in Sources */ = {isa = PBXBuildFile; fileRef = 769771C42AFB6A5900FE1219 /* ViewController.m */; };
		769771C82AFB6A5900FE1219 /* Main.storyboard in Resources */ = {isa = PBXBuildFile; fileRef = 769771C62AFB6A5900FE1219 /* Main.storyboard */; };
		769771CA2AFB6A5900FE1219 /* Assets.xcassets in Resources */ = {isa = PBXBuildFile; fileRef = 769771C92AFB6A5900FE1219 /* Assets.xcassets */; };
		769771CD2AFB6A5900FE1219 /* LaunchScreen.storyboard in Resources */ = {isa = PBXBuildFile; fileRef = 769771CB2AFB6A5900FE1219 /* LaunchScreen.storyboard */; };
		769771D02AFB6A5900FE1219 /* main.m in Sources */ = {isa = PBXBuildFile; fileRef = 769771CF2AFB6A5900FE1219 /* main.m */; };
/* End PBXBuildFile section */

/* Begin PBXFileReference section */
		769771BA2AFB6A5800FE1219 /* toy-sns-service.app */ = {isa = PBXFileReference; explicitFileType = wrapper.application; includeInIndex = 0; path = "toy-sns-service.app"; sourceTree = BUILT_PRODUCTS_DIR; };
		769771BD2AFB6A5800FE1219 /* AppDelegate.h */ = {isa = PBXFileReference; lastKnownFileType = sourcecode.c.h; path = AppDelegate.h; sourceTree = "<group>"; };
		769771BE2AFB6A5900FE1219 /* AppDelegate.m */ = {isa = PBXFileReference; lastKnownFileType = sourcecode.c.objc; path = AppDelegate.m; sourceTree = "<group>"; };
		769771C02AFB6A5900FE1219 /* SceneDelegate.h */ = {isa = PBXFileReference; lastKnownFileType = sourcecode.c.h; path = SceneDelegate.h; sourceTree = "<group>"; };
		769771C12AFB6A5900FE1219 /* SceneDelegate.m */ = {isa = PBXFileReference; lastKnownFileType = sourcecode.c.objc; path = SceneDelegate.m; sourceTree = "<group>"; };
		769771C32AFB6A5900FE1219 /* ViewController.h */ = {isa = PBXFileReference; lastKnownFileType = sourcecode.c.h; path = ViewController.h; sourceTree = "<group>"; };
		769771C42AFB6A5900FE1219 /* ViewController.m */ = {isa = PBXFileReference; lastKnownFileType = sourcecode.c.objc; path = ViewController.m; sourceTree = "<group>"; };
		769771C72AFB6A5900FE1219 /* Base */ = {isa = PBXFileReference; lastKnownFileType = file.storyboard; name = Base; path = Base.lproj/Main.storyboard; sourceTree = "<group>"; };
		769771C92AFB6A5900FE1219 /* Assets.xcassets */ = {isa = PBXFileReference; lastKnownFileType = folder.assetcatalog; path = Assets.xcassets; sourceTree = "<group>"; };
		769771CC2AFB6A5900FE1219 /* Base */ = {isa = PBXFileReference; lastKnownFileType = file.storyboard; name = Base; path = Base.lproj/LaunchScreen.storyboard; sourceTree = "<group>"; };
		769771CE2AFB6A5900FE1219 /* Info.plist */ = {isa = PBXFileReference; lastKnownFileType = text.plist.xml; path = Info.plist; sourceTree = "<group>"; };
		769771CF2AFB6A5900FE1219 /* main.m */ = {isa = PBXFileReference; lastKnownFileType = sourcecode.c.objc; path = main.m; sourceTree = "<group>"; };
/* End PBXFileReference section */

/* Begin PBXFrameworksBuildPhase section */
		769771B72AFB6A5800FE1219 /* Frameworks */ = {
			isa = PBXFrameworksBuildPhase;
			buildActionMask = 2147483647;
			files = (
			);
			runOnlyForDeploymentPostprocessing = 0;
		};
/* End PBXFrameworksBuildPhase section */

/* Begin PBXGroup section */
		769771B12AFB6A5800FE1219 = {
			isa = PBXGroup;
			children = (
				769771BC2AFB6A5800FE1219 /* toy-sns-service */,
				769771BB2AFB6A5800FE1219 /* Products */,
			);
			sourceTree = "<group>";
		};
		769771BB2AFB6A5800FE1219 /* Products */ = {
			isa = PBXGroup;
			children = (
				769771BA2AFB6A5800FE1219 /* toy-sns-service.app */,
			);
			name = Products;
			sourceTree = "<group>";
		};
		769771BC2AFB6A5800FE1219 /* toy-sns-service */ = {
			isa = PBXGroup;
			children = (
				769771BD2AFB6A5800FE1219 /* AppDelegate.h */,
				769771BE2AFB6A5900FE1219 /* AppDelegate.m */,
				769771C02AFB6A5900FE1219 /* SceneDelegate.h */,
				769771C12AFB6A5900FE1219 /* SceneDelegate.m */,
				769771C32AFB6A5900FE1219 /* ViewController.h */,
				769771C42AFB6A5900FE1219 /* ViewController.m */,
				769771C62AFB6A5900FE1219 /* Main.storyboard */,
				769771C92AFB6A5900FE1219 /* Assets.xcassets */,
				769771CB2AFB6A5900FE1219 /* LaunchScreen.storyboard */,
				769771CE2AFB6A5900FE1219 /* Info.plist */,
				769771CF2AFB6A5900FE1219 /* main.m */,
			);
			path = "toy-sns-service";
			sourceTree = "<group>";
		};
/* End PBXGroup section */

/* Begin PBXNativeTarget section */
		769771B92AFB6A5800FE1219 /* toy-sns-service */ = {
			isa = PBXNativeTarget;
			buildConfigurationList = 769771D32AFB6A5900FE1219 /* Build configuration list for PBXNativeTarget "toy-sns-service" */;
			buildPhases = (
				769771B62AFB6A5800FE1219 /* Sources */,
				769771B72AFB6A5800FE1219 /* Frameworks */,
				769771B82AFB6A5800FE1219 /* Resources */,
			);
			buildRules = (
			);
			dependencies = (
			);
			name = "toy-sns-service";
			productName = "toy-sns-service";
			productReference = 769771BA2AFB6A5800FE1219 /* toy-sns-service.app */;
			productType = "com.apple.product-type.application";
		};
/* End PBXNativeTarget section */

/* Begin PBXProject section */
		769771B22AFB6A5800FE1219 /* Project object */ = {
			isa = PBXProject;
			attributes = {
				BuildIndependentTargetsInParallel = 1;
				LastUpgradeCheck = 1500;
				TargetAttributes = {
					769771B92AFB6A5800FE1219 = {
						CreatedOnToolsVersion = 15.0;
					};
				};
			};
			buildConfigurationList = 769771B52AFB6A5800FE1219 /* Build configuration list for PBXProject "toy-sns-service" */;
			compatibilityVersion = "Xcode 14.0";
			developmentRegion = en;
			hasScannedForEncodings = 0;
			knownRegions = (
				en,
				Base,
			);
			mainGroup = 769771B12AFB6A5800FE1219;
			productRefGroup = 769771BB2AFB6A5800FE1219 /* Products */;
			projectDirPath = "";
			projectRoot = "";
			targets = (
				769771B92AFB6A5800FE1219 /* toy-sns-service */,
			);
		};
/* End PBXProject section */

/* Begin PBXResourcesBuildPhase section */
		769771B82AFB6A5800FE1219 /* Resources */ = {
			isa = PBXResourcesBuildPhase;
			buildActionMask = 2147483647;
			files = (
				769771CD2AFB6A5900FE1219 /* LaunchScreen.storyboard in Resources */,
				769771CA2AFB6A5900FE1219 /* Assets.xcassets in Resources */,
				769771C82AFB6A5900FE1219 /* Main.storyboard in Resources */,
			);
			runOnlyForDeploymentPostprocessing = 0;
		};
/* End PBXResourcesBuildPhase section */

/* Begin PBXSourcesBuildPhase section */
		769771B62AFB6A5800FE1219 /* Sources */ = {
			isa = PBXSourcesBuildPhase;
			buildActionMask = 2147483647;
			files = (
				769771C52AFB6A5900FE1219 /* ViewController.m in Sources */,
				769771BF2AFB6A5900FE1219 /* AppDelegate.m in Sources */,
				769771D02AFB6A5900FE1219 /* main.m in Sources */,
				769771C22AFB6A5900FE1219 /* SceneDelegate.m in Sources */,
			);
			runOnlyForDeploymentPostprocessing = 0;
		};
/* End PBXSourcesBuildPhase section */

/* Begin PBXVariantGroup section */
		769771C62AFB6A5900FE1219 /* Main.storyboard */ = {
			isa = PBXVariantGroup;
			children = (
				769771C72AFB6A5900FE1219 /* Base */,
			);
			name = Main.storyboard;
			sourceTree = "<group>";
		};
		769771CB2AFB6A5900FE1219 /* LaunchScreen.storyboard */ = {
			isa = PBXVariantGroup;
			children = (
				769771CC2AFB6A5900FE1219 /* Base */,
			);
			name = LaunchScreen.storyboard;
			sourceTree = "<group>";
		};
/* End PBXVariantGroup section */

/* Begin XCBuildConfiguration section */
		769771D12AFB6A5900FE1219 /* Debug */ = {
			isa = XCBuildConfiguration;
			buildSettings = {
				ALWAYS_SEARCH_USER_PATHS = NO;
				ASSETCATALOG_COMPILER_GENERATE_SWIFT_ASSET_SYMBOL_EXTENSIONS = YES;
				CLANG_ANALYZER_NONNULL = YES;
				CLANG_ANALYZER_NUMBER_OBJECT_CONVERSION = YES_AGGRESSIVE;
				CLANG_CXX_LANGUAGE_STANDARD = "gnu++20";
				CLANG_ENABLE_MODULES = YES;
				CLANG_ENABLE_OBJC_ARC = YES;
				CLANG_ENABLE_OBJC_WEAK = YES;
				CLANG_WARN_BLOCK_CAPTURE_AUTORELEASING = YES;
				CLANG_WARN_BOOL_CONVERSION = YES;
				CLANG_WARN_COMMA = YES;
				CLANG_WARN_CONSTANT_CONVERSION = YES;
				CLANG_WARN_DEPRECATED_OBJC_IMPLEMENTATIONS = YES;
				CLANG_WARN_DIRECT_OBJC_ISA_USAGE = YES_ERROR;
				CLANG_WARN_DOCUMENTATION_COMMENTS = YES;
				CLANG_WARN_EMPTY_BODY = YES;
				CLANG_WARN_ENUM_CONVERSION = YES;
				CLANG_WARN_INFINITE_RECURSION = YES;
				CLANG_WARN_INT_CONVERSION = YES;
				CLANG_WARN_NON_LITERAL_NULL_CONVERSION = YES;
				CLANG_WARN_OBJC_IMPLICIT_RETAIN_SELF = YES;
				CLANG_WARN_OBJC_LITERAL_CONVERSION = YES;
				CLANG_WARN_OBJC_ROOT_CLASS = YES_ERROR;
				CLANG_WARN_QUOTED_INCLUDE_IN_FRAMEWORK_HEADER = YES;
				CLANG_WARN_RANGE_LOOP_ANALYSIS = YES;
				CLANG_WARN_STRICT_PROTOTYPES = YES;
				CLANG_WARN_SUSPICIOUS_MOVE = YES;
				CLANG_WARN_UNGUARDED_AVAILABILITY = YES_AGGRESSIVE;
				CLANG_WARN_UNREACHABLE_CODE = YES;
				CLANG_WARN__DUPLICATE_METHOD_MATCH = YES;
				COPY_PHASE_STRIP = NO;
				DEBUG_INFORMATION_FORMAT = dwarf;
				ENABLE_STRICT_OBJC_MSGSEND = YES;
				ENABLE_TESTABILITY = YES;
				ENABLE_USER_SCRIPT_SANDBOXING = YES;
				GCC_C_LANGUAGE_STANDARD = gnu17;
				GCC_DYNAMIC_NO_PIC = NO;
				GCC_NO_COMMON_BLOCKS = YES;
				GCC_OPTIMIZATION_LEVEL = 0;
				GCC_PREPROCESSOR_DEFINITIONS = (
					"DEBUG=1",
					"$(inherited)",
				);
				GCC_WARN_64_TO_32_BIT_CONVERSION = YES;
				GCC_WARN_ABOUT_RETURN_TYPE = YES_ERROR;
				GCC_WARN_UNDECLARED_SELECTOR = YES;
				GCC_WARN_UNINITIALIZED_AUTOS = YES_AGGRESSIVE;
				GCC_WARN_UNUSED_FUNCTION = YES;
				GCC_WARN_UNUSED_VARIABLE = YES;
				IPHONEOS_DEPLOYMENT_TARGET = 17.0;
				LOCALIZATION_PREFERS_STRING_CATALOGS = YES;
				MTL_ENABLE_DEBUG_INFO = INCLUDE_SOURCE;
				MTL_FAST_MATH = YES;
				ONLY_ACTIVE_ARCH = YES;
				SDKROOT = iphoneos;
			};
			name = Debug;
		};
		769771D22AFB6A5900FE1219 /* Release */ = {
			isa = XCBuildConfiguration;
			buildSettings = {
				ALWAYS_SEARCH_USER_PATHS = NO;
				ASSETCATALOG_COMPILER_GENERATE_SWIFT_ASSET_SYMBOL_EXTENSIONS = YES;
				CLANG_ANALYZER_NONNULL = YES;
				CLANG_ANALYZER_NUMBER_OBJECT_CONVERSION = YES_AGGRESSIVE;
				CLANG_CXX_LANGUAGE_STANDARD = "gnu++20";
				CLANG_ENABLE_MODULES = YES;
				CLANG_ENABLE_OBJC_ARC = YES;
				CLANG_ENABLE_OBJC_WEAK = YES;
				CLANG_WARN_BLOCK_CAPTURE_AUTORELEASING = YES;
				CLANG_WARN_BOOL_CONVERSION = YES;
				CLANG_WARN_COMMA = YES;
				CLANG_WARN_CONSTANT_CONVERSION = YES;
				CLANG_WARN_DEPRECATED_OBJC_IMPLEMENTATIONS = YES;
				CLANG_WARN_DIRECT_OBJC_ISA_USAGE = YES_ERROR;
				CLANG_WARN_DOCUMENTATION_COMMENTS = YES;
				CLANG_WARN_EMPTY_BODY = YES;
				CLANG_WARN_ENUM_CONVERSION = YES;
				CLANG_WARN_INFINITE_RECURSION = YES;
				CLANG_WARN_INT_CONVERSION = YES;
				CLANG_WARN_NON_LITERAL_NULL_CONVERSION = YES;
				CLANG_WARN_OBJC_IMPLICIT_RETAIN_SELF = YES;
				CLANG_WARN_OBJC_LITERAL_CONVERSION = YES;
				CLANG_WARN_OBJC_ROOT_CLASS = YES_ERROR;
				CLANG_WARN_QUOTED_INCLUDE_IN_FRAMEWORK_HEADER = YES;
				CLANG_WARN_RANGE_LOOP_ANALYSIS = YES;
				CLANG_WARN_STRICT_PROTOTYPES = YES;
				CLANG_WARN_SUSPICIOUS_MOVE = YES;
				CLANG_WARN_UNGUARDED_AVAILABILITY = YES_AGGRESSIVE;
				CLANG_WARN_UNREACHABLE_CODE = YES;
				CLANG_WARN__DUPLICATE_METHOD_MATCH = YES;
				COPY_PHASE_STRIP = NO;
				DEBUG_INFORMATION_FORMAT = "dwarf-with-dsym";
				ENABLE_NS_ASSERTIONS = NO;
				ENABLE_STRICT_OBJC_MSGSEND = YES;
				ENABLE_USER_SCRIPT_SANDBOXING = YES;
				GCC_C_LANGUAGE_STANDARD = gnu17;
				GCC_NO_COMMON_BLOCKS = YES;
				GCC_WARN_64_TO_32_BIT_CONVERSION = YES;
				GCC_WARN_ABOUT_RETURN_TYPE = YES_ERROR;
				GCC_WARN_UNDECLARED_SELECTOR = YES;
				GCC_WARN_UNINITIALIZED_AUTOS = YES_AGGRESSIVE;
				GCC_WARN_UNUSED_FUNCTION = YES;
				GCC_WARN_UNUSED_VARIABLE = YES;
				IPHONEOS_DEPLOYMENT_TARGET = 17.0;
				LOCALIZATION_PREFERS_STRING_CATALOGS = YES;
				MTL_ENABLE_DEBUG_INFO = NO;
				MTL_FAST_MATH = YES;
				SDKROOT = iphoneos;
				VALIDATE_PRODUCT = YES;
			};
			name = Release;
		};
		769771D42AFB6A5900FE1219 /* Debug */ = {
			isa = XCBuildConfiguration;
			buildSettings = {
				ASSETCATALOG_COMPILER_APPICON_NAME = AppIcon;
				ASSETCATALOG_COMPILER_GLOBAL_ACCENT_COLOR_NAME = AccentColor;
				CODE_SIGN_STYLE = Automatic;
				CURRENT_PROJECT_VERSION = 1;
				DEVELOPMENT_TEAM = 887S3AQ8HM;
				GENERATE_INFOPLIST_FILE = YES;
				INFOPLIST_FILE = "toy-sns-service/Info.plist";
				INFOPLIST_KEY_UIApplicationSupportsIndirectInputEvents = YES;
				INFOPLIST_KEY_UILaunchStoryboardName = LaunchScreen;
				INFOPLIST_KEY_UIMainStoryboardFile = Main;
				INFOPLIST_KEY_UISupportedInterfaceOrientations_iPad = "UIInterfaceOrientationPortrait UIInterfaceOrientationPortraitUpsideDown UIInterfaceOrientationLandscapeLeft UIInterfaceOrientationLandscapeRight";
				INFOPLIST_KEY_UISupportedInterfaceOrientations_iPhone = "UIInterfaceOrientationPortrait UIInterfaceOrientationLandscapeLeft UIInterfaceOrientationLandscapeRight";
				LD_RUNPATH_SEARCH_PATHS = (
					"$(inherited)",
					"@executable_path/Frameworks",
				);
				MARKETING_VERSION = 1.0;
				PRODUCT_BUNDLE_IDENTIFIER = "com.rlaehgns745.toy-sns-service";
				PRODUCT_NAME = "$(TARGET_NAME)";
				SWIFT_EMIT_LOC_STRINGS = YES;
				TARGETED_DEVICE_FAMILY = "1,2";
			};
			name = Debug;
		};
		769771D52AFB6A5900FE1219 /* Release */ = {
			isa = XCBuildConfiguration;
			buildSettings = {
				ASSETCATALOG_COMPILER_APPICON_NAME = AppIcon;
				ASSETCATALOG_COMPILER_GLOBAL_ACCENT_COLOR_NAME = AccentColor;
				CODE_SIGN_STYLE = Automatic;
				CURRENT_PROJECT_VERSION = 1;
				DEVELOPMENT_TEAM = 887S3AQ8HM;
				GENERATE_INFOPLIST_FILE = YES;
				INFOPLIST_FILE = "toy-sns-service/Info.plist";
				INFOPLIST_KEY_UIApplicationSupportsIndirectInputEvents = YES;
				INFOPLIST_KEY_UILaunchStoryboardName = LaunchScreen;
				INFOPLIST_KEY_UIMainStoryboardFile = Main;
				INFOPLIST_KEY_UISupportedInterfaceOrientations_iPad = "UIInterfaceOrientationPortrait UIInterfaceOrientationPortraitUpsideDown UIInterfaceOrientationLandscapeLeft UIInterfaceOrientationLandscapeRight";
				INFOPLIST_KEY_UISupportedInterfaceOrientations_iPhone = "UIInterfaceOrientationPortrait UIInterfaceOrientationLandscapeLeft UIInterfaceOrientationLandscapeRight";
				LD_RUNPATH_SEARCH_PATHS = (
					"$(inherited)",
					"@executable_path/Frameworks",
				);
				MARKETING_VERSION = 1.0;
				PRODUCT_BUNDLE_IDENTIFIER = "com.rlaehgns745.toy-sns-service";
				PRODUCT_NAME = "$(TARGET_NAME)";
				SWIFT_EMIT_LOC_STRINGS = YES;
				TARGETED_DEVICE_FAMILY = "1,2";
			};
			name = Release;
		};
/* End XCBuildConfiguration section */

/* Begin XCConfigurationList section */
		769771B52AFB6A5800FE1219 /* Build configuration list for PBXProject "toy-sns-service" */ = {
			isa = XCConfigurationList;
			buildConfigurations = (
				769771D12AFB6A5900FE1219 /* Debug */,
				769771D22AFB6A5900FE1219 /* Release */,
			);
			defaultConfigurationIsVisible = 0;
			defaultConfigurationName = Release;
		};
		769771D32AFB6A5900FE1219 /* Build configuration list for PBXNativeTarget "toy-sns-service" */ = {
			isa = XCConfigurationList;
			buildConfigurations = (
				769771D42AFB6A5900FE1219 /* Debug */,
				769771D52AFB6A5900FE1219 /* Release */,
			);
			defaultConfigurationIsVisible = 0;
			defaultConfigurationName = Release;
		};
/* End XCConfigurationList section */
	};
	rootObject = 769771B22AFB6A5800FE1219 /* Project object */;
}
